{
    "_meta": {
        "hash": {
            "sha256": "7a3d1909d8042c519e7a159315bddef0fcaa2bca6de97e025108d8715d9a70b3"
        },
        "pipfile-spec": 6,
        "requires": {
            "python_version": "3.5"
        },
        "sources": [
            {
                "name": "pypi",
                "url": "https://pypi.tuna.tsinghua.edu.cn/simple/",
                "verify_ssl": true
            }
        ]
    },
    "default": {
        "beautifulsoup4": {
            "hashes": [
                "sha256:11a9a27b7d3bddc6d86f59fb76afb70e921a25ac2d6cc55b40d072bd68435a76",
                "sha256:7015e76bf32f1f574636c4288399a6de66ce08fb7b2457f628a8d70c0fbabb11",
                "sha256:808b6ac932dccb0a4126558f7dfdcf41710dd44a4ef497a0bb59a77f9f078e89"
            ],
            "index": "pypi",
            "version": "==4.6.0"
        },
        "certifi": {
            "hashes": [
                "sha256:e4f3620cfea4f83eedc95b24abd9cd56f3c4b146dd0177e83a21b4eb49e21e50",
                "sha256:fd7c7c74727ddcf00e9acd26bba8da604ffec95bf1c2144e67aff7a8b50e6cef"
            ],
            "version": "==2019.9.11"
        },
        "chardet": {
            "hashes": [
                "sha256:84ab92ed1c4d4f16916e05906b6b75a6c0fb5db821cc65e70cbd64a3e2a5eaae",
                "sha256:fc323ffcaeaed0e0a02bf4d117757b98aed530d9ed4531e3e15460124c106691"
            ],
            "version": "==3.0.4"
        },
        "idna": {
            "hashes": [
                "sha256:156a6814fb5ac1fc6850fb002e0852d56c0c8d2531923a51032d1b70760e186e",
                "sha256:684a38a6f903c1d71d6d5fac066b58d7768af4de2b832e426ec79c30daa94a16"
            ],
            "version": "==2.7"
        },
        "numpy": {
            "hashes": [
                "sha256:05dbfe72684cc14b92568de1bc1f41e5f62b00f714afc9adee42f6311738091f",
                "sha256:0d82cb7271a577529d07bbb05cb58675f2deb09772175fab96dc8de025d8ac05",
                "sha256:10132aa1fef99adc85a905d82e8497a580f83739837d7cbd234649f2e9b9dc58",
                "sha256:12322df2e21f033a60c80319c25011194cd2a21294cc66fee0908aeae2c27832",
                "sha256:16f19b3aa775dddc9814e02a46b8e6ae6a54ed8cf143962b4e53f0471dbd7b16",
                "sha256:3d0b0989dd2d066db006158de7220802899a1e5c8cf622abe2d0bd158fd01c2c",
                "sha256:438a3f0e7b681642898fd7993d38e2bf140a2d1eafaf3e89bb626db7f50db355",
                "sha256:5fd214f482ab53f2cea57414c5fb3e58895b17df6e6f5bca5be6a0bb6aea23bb",
                "sha256:73615d3edc84dd7c4aeb212fa3748fb83217e00d201875a47327f55363cef2df",
                "sha256:7bd355ad7496f4ce1d235e9814ec81ee3d28308d591c067ce92e49f745ba2c2f",
                "sha256:7d077f2976b8f3de08a0dcf5d72083f4af5411e8fddacd662aae27baa2601196",
                "sha256:a4092682778dc48093e8bda8d26ee8360153e2047826f95a3f5eae09f0ae3abf",
                "sha256:b458de8624c9f6034af492372eb2fee41a8e605f03f4732f43fc099e227858b2",
                "sha256:e70fc8ff03a961f13363c2c95ef8285e0cf6a720f8271836f852cc0fa64e97c8",
                "sha256:ee8e9d7cad5fe6dde50ede0d2e978d81eafeaa6233fb0b8719f60214cf226578",
                "sha256:f4a4f6aba148858a5a5d546a99280f71f5ee6ec8182a7d195af1a914195b21a2"
            ],
            "version": "==1.17.2"
        },
        "pandas": {
            "hashes": [
                "sha256:0ce4e91be750bc9c87c5ffb19fa07c49fc53cccc2103b029d5783e2be2e33ee8",
                "sha256:1cc76558fa3b6eaa5bd1e6290862092eb49727151ae7a05a4c7691c4fecff65a",
                "sha256:1e4d28c22eab2249248c30cbd40e1da1dfde76b0b8238c3a00b2c2febe26502e",
                "sha256:25eeaa3ef515e8b57b91d9b06d2118f13f72ba05d39b9cb27d508ae29086fc20",
                "sha256:318481d4129c753c2e3f89b4c5097de869778bd58bc2c197d5a37728b8731596",
                "sha256:39c14e05aa31ae9c7ad108440967bb3e3ea4f2502de04b7f028f9b6bbe843c56",
                "sha256:3df408ae6fa7393355306f495c38971ba4c48500b497079013c50a0131248b17",
                "sha256:42d1d7a8e0e1c00efe5c561b3815f0d9f721b0eb4383c8a1dcaf51a449490d3f",
                "sha256:5cd5cb30e72eeaf202f0e5e180780b897570e889d2db328c689a5a263405c559",
                "sha256:81c4f49575c6d5c394128180442ddbd370f495780763d4035e5ae6c14e3aa0ee",
                "sha256:873a404581a2e7849d7ed8190cdcee70a3f60d1bd02403b66249bfd450b93e37",
                "sha256:9218563fe44c7f58465707781b3ee64d8680c5e82625b128f0dbcf32f0e123fd",
                "sha256:92a4fc33cfb723f9544853e0e7e907efc8b0d4666f3bb5e8defbe9f354bcda94",
                "sha256:9eb5659f0b1dda3c8922a2c5f5560864db8859c37cd1846a875f9d57eff9bbbf",
                "sha256:aaf5ad3fdae2787bac3f0a12e313e9ab5a38e4e35dd8c2110ccc3f6369e868bb",
                "sha256:b3ed1d71bdf08ab7702c2a9463f001845480f4c8a7d64af77a4cbfdadab6e625",
                "sha256:efbc55164e87d55feaa0c47e711b747d0e51129b4970bf2ac65b4d3d95d2c677"
            ],
            "index": "pypi",
            "version": "==0.21.0"
        },
        "python-dateutil": {
            "hashes": [
                "sha256:7e6584c74aeed623791615e26efd690f29817a27c73085b78e4bad02493df2fb",
                "sha256:c89805f6f4d64db21ed966fda138f8a5ed7a4fdbc1a8ee329ce1b74e3c74da9e"
            ],
            "version": "==2.8.0"
        },
        "pytz": {
            "hashes": [
                "sha256:1c557d7d0e871de1f5ccd5833f60fb2550652da6be2693c1e02300743d21500d",
                "sha256:b02c06db6cf09c12dd25137e563b31700d3b80fcc4ad23abb7a315f2789819be"
            ],
            "version": "==2019.3"
        },
        "requests": {
            "hashes": [
                "sha256:65b3a120e4329e33c9889db89c80976c5272f56ea92d3e74da8a463992e3ff54",
                "sha256:ea881206e59f41dbd0bd445437d792e43906703fff75ca8ff43ccdb11f33f263"
            ],
            "index": "pypi",
            "version": "==2.20.1"
        },
        "six": {
            "hashes": [
                "sha256:3350809f0555b11f552448330d0b52d5f24c91a322ea4a15ef22629740f3761c",
                "sha256:d16a0141ec1a18405cd4ce8b4613101da75da0e9a7aec5bdd4fa804d0e0eba73"
            ],
            "version": "==1.12.0"
        },
        "urllib3": {
            "hashes": [
                "sha256:2393a695cd12afedd0dcb26fe5d50d0cf248e5a66f75dbd89a3d4eb333a61af4",
                "sha256:a637e5fae88995b256e3409dc4d52c2e2e0ba32c42a6365fee8bbd2238de3cfb"
            ],
            "version": "==1.24.3"
        }
    },
    "develop": {}
}
